// !$*UTF8*$!
{
	archiveVersion = 1;
	classes = {
	};
	objectVersion = 50;
	objects = {

/* Begin PBXBuildFile section */
		007D9C5EA51CD0ABC5E674EF /* Pods_Yo_ListOfBestFilms.framework in Frameworks */ = {isa = PBXBuildFile; fileRef = 2983DDA1D2717924AB07A70B /* Pods_Yo_ListOfBestFilms.framework */; };
		0844120EF6DE3E2BB817E116 /* Pods_Yo_ListOfBestFilms_Yo_ListOfBestFilmsTests.framework in Frameworks */ = {isa = PBXBuildFile; fileRef = 30E5FC1356F706631AD442E7 /* Pods_Yo_ListOfBestFilms_Yo_ListOfBestFilmsTests.framework */; };
		7141889A2178E56200A6C900 /* ListOfFilmsTableViewController.swift in Sources */ = {isa = PBXBuildFile; fileRef = 714188992178E56200A6C900 /* ListOfFilmsTableViewController.swift */; };
		7141889C2178E58E00A6C900 /* DetailViewController.swift in Sources */ = {isa = PBXBuildFile; fileRef = 7141889B2178E58E00A6C900 /* DetailViewController.swift */; };
		7141889F2178E67100A6C900 /* FilmsTableViewCell.swift in Sources */ = {isa = PBXBuildFile; fileRef = 7141889E2178E67100A6C900 /* FilmsTableViewCell.swift */; };
		71A095242178E29800A5A796 /* AppDelegate.swift in Sources */ = {isa = PBXBuildFile; fileRef = 71A095232178E29800A5A796 /* AppDelegate.swift */; };
		71A095292178E29800A5A796 /* Main.storyboard in Resources */ = {isa = PBXBuildFile; fileRef = 71A095272178E29800A5A796 /* Main.storyboard */; };
		71A0952B2178E29A00A5A796 /* Assets.xcassets in Resources */ = {isa = PBXBuildFile; fileRef = 71A0952A2178E29A00A5A796 /* Assets.xcassets */; };
		71A0952E2178E29A00A5A796 /* LaunchScreen.storyboard in Resources */ = {isa = PBXBuildFile; fileRef = 71A0952C2178E29A00A5A796 /* LaunchScreen.storyboard */; };
		71A095392178E29A00A5A796 /* Yo_ListOfBestFilmsTests.swift in Sources */ = {isa = PBXBuildFile; fileRef = 71A095382178E29A00A5A796 /* Yo_ListOfBestFilmsTests.swift */; };
		71F247882179D33700117603 /* NetworkManager.swift in Sources */ = {isa = PBXBuildFile; fileRef = 71F247872179D33700117603 /* NetworkManager.swift */; };
		71F2478A2179D3F900117603 /* Films.swift in Sources */ = {isa = PBXBuildFile; fileRef = 71F247892179D3F900117603 /* Films.swift */; };
		EC26502709C949A981209675 /* Pods_Yo_ListOfBestFilmsTests.framework in Frameworks */ = {isa = PBXBuildFile; fileRef = BBA8B51F0DFACE1736FC0286 /* Pods_Yo_ListOfBestFilmsTests.framework */; };
/* End PBXBuildFile section */

/* Begin PBXContainerItemProxy section */
		71A095352178E29A00A5A796 /* PBXContainerItemProxy */ = {
			isa = PBXContainerItemProxy;
			containerPortal = 71A095182178E29800A5A796 /* Project object */;
			proxyType = 1;
			remoteGlobalIDString = 71A0951F2178E29800A5A796;
			remoteInfo = Yo.ListOfBestFilms;
		};
/* End PBXContainerItemProxy section */

/* Begin PBXFileReference section */
		2983DDA1D2717924AB07A70B /* Pods_Yo_ListOfBestFilms.framework */ = {isa = PBXFileReference; explicitFileType = wrapper.framework; includeInIndex = 0; path = Pods_Yo_ListOfBestFilms.framework; sourceTree = BUILT_PRODUCTS_DIR; };
		2B5D2A58A270E45FFA0BB41F /* Pods-Yo.ListOfBestFilms-Yo.ListOfBestFilmsTests.release.xcconfig */ = {isa = PBXFileReference; includeInIndex = 1; lastKnownFileType = text.xcconfig; name = "Pods-Yo.ListOfBestFilms-Yo.ListOfBestFilmsTests.release.xcconfig"; path = "Pods/Target Support Files/Pods-Yo.ListOfBestFilms-Yo.ListOfBestFilmsTests/Pods-Yo.ListOfBestFilms-Yo.ListOfBestFilmsTests.release.xcconfig"; sourceTree = "<group>"; };
		2D76793803647FF11F884412 /* Pods-Yo.ListOfBestFilms.debug.xcconfig */ = {isa = PBXFileReference; includeInIndex = 1; lastKnownFileType = text.xcconfig; name = "Pods-Yo.ListOfBestFilms.debug.xcconfig"; path = "Pods/Target Support Files/Pods-Yo.ListOfBestFilms/Pods-Yo.ListOfBestFilms.debug.xcconfig"; sourceTree = "<group>"; };
		30E5FC1356F706631AD442E7 /* Pods_Yo_ListOfBestFilms_Yo_ListOfBestFilmsTests.framework */ = {isa = PBXFileReference; explicitFileType = wrapper.framework; includeInIndex = 0; path = Pods_Yo_ListOfBestFilms_Yo_ListOfBestFilmsTests.framework; sourceTree = BUILT_PRODUCTS_DIR; };
		6E5BB28D7A5651C9B09F5E2C /* Pods-Yo.ListOfBestFilmsTests.debug.xcconfig */ = {isa = PBXFileReference; includeInIndex = 1; lastKnownFileType = text.xcconfig; name = "Pods-Yo.ListOfBestFilmsTests.debug.xcconfig"; path = "Pods/Target Support Files/Pods-Yo.ListOfBestFilmsTests/Pods-Yo.ListOfBestFilmsTests.debug.xcconfig"; sourceTree = "<group>"; };
		714188992178E56200A6C900 /* ListOfFilmsTableViewController.swift */ = {isa = PBXFileReference; lastKnownFileType = sourcecode.swift; path = ListOfFilmsTableViewController.swift; sourceTree = "<group>"; };
		7141889B2178E58E00A6C900 /* DetailViewController.swift */ = {isa = PBXFileReference; lastKnownFileType = sourcecode.swift; path = DetailViewController.swift; sourceTree = "<group>"; };
		7141889E2178E67100A6C900 /* FilmsTableViewCell.swift */ = {isa = PBXFileReference; lastKnownFileType = sourcecode.swift; path = FilmsTableViewCell.swift; sourceTree = "<group>"; };
		71A095202178E29800A5A796 /* Yo.ListOfBestFilms.app */ = {isa = PBXFileReference; explicitFileType = wrapper.application; includeInIndex = 0; path = Yo.ListOfBestFilms.app; sourceTree = BUILT_PRODUCTS_DIR; };
		71A095232178E29800A5A796 /* AppDelegate.swift */ = {isa = PBXFileReference; lastKnownFileType = sourcecode.swift; path = AppDelegate.swift; sourceTree = "<group>"; };
		71A095282178E29800A5A796 /* Base */ = {isa = PBXFileReference; lastKnownFileType = file.storyboard; name = Base; path = Base.lproj/Main.storyboard; sourceTree = "<group>"; };
		71A0952A2178E29A00A5A796 /* Assets.xcassets */ = {isa = PBXFileReference; lastKnownFileType = folder.assetcatalog; path = Assets.xcassets; sourceTree = "<group>"; };
		71A0952D2178E29A00A5A796 /* Base */ = {isa = PBXFileReference; lastKnownFileType = file.storyboard; name = Base; path = Base.lproj/LaunchScreen.storyboard; sourceTree = "<group>"; };
		71A0952F2178E29A00A5A796 /* Info.plist */ = {isa = PBXFileReference; lastKnownFileType = text.plist.xml; path = Info.plist; sourceTree = "<group>"; };
		71A095342178E29A00A5A796 /* Yo.ListOfBestFilmsTests.xctest */ = {isa = PBXFileReference; explicitFileType = wrapper.cfbundle; includeInIndex = 0; path = Yo.ListOfBestFilmsTests.xctest; sourceTree = BUILT_PRODUCTS_DIR; };
		71A095382178E29A00A5A796 /* Yo_ListOfBestFilmsTests.swift */ = {isa = PBXFileReference; lastKnownFileType = sourcecode.swift; path = Yo_ListOfBestFilmsTests.swift; sourceTree = "<group>"; };
		71A0953A2178E29A00A5A796 /* Info.plist */ = {isa = PBXFileReference; lastKnownFileType = text.plist.xml; path = Info.plist; sourceTree = "<group>"; };
		71F247872179D33700117603 /* NetworkManager.swift */ = {isa = PBXFileReference; lastKnownFileType = sourcecode.swift; path = NetworkManager.swift; sourceTree = "<group>"; };
		71F247892179D3F900117603 /* Films.swift */ = {isa = PBXFileReference; lastKnownFileType = sourcecode.swift; path = Films.swift; sourceTree = "<group>"; };
		A4BFC6EE8E4909EF475E1744 /* Pods-Yo.ListOfBestFilms-Yo.ListOfBestFilmsTests.debug.xcconfig */ = {isa = PBXFileReference; includeInIndex = 1; lastKnownFileType = text.xcconfig; name = "Pods-Yo.ListOfBestFilms-Yo.ListOfBestFilmsTests.debug.xcconfig"; path = "Pods/Target Support Files/Pods-Yo.ListOfBestFilms-Yo.ListOfBestFilmsTests/Pods-Yo.ListOfBestFilms-Yo.ListOfBestFilmsTests.debug.xcconfig"; sourceTree = "<group>"; };
		BBA7E016394230E305CD8F7F /* Pods-Yo.ListOfBestFilmsTests.release.xcconfig */ = {isa = PBXFileReference; includeInIndex = 1; lastKnownFileType = text.xcconfig; name = "Pods-Yo.ListOfBestFilmsTests.release.xcconfig"; path = "Pods/Target Support Files/Pods-Yo.ListOfBestFilmsTests/Pods-Yo.ListOfBestFilmsTests.release.xcconfig"; sourceTree = "<group>"; };
		BBA8B51F0DFACE1736FC0286 /* Pods_Yo_ListOfBestFilmsTests.framework */ = {isa = PBXFileReference; explicitFileType = wrapper.framework; includeInIndex = 0; path = Pods_Yo_ListOfBestFilmsTests.framework; sourceTree = BUILT_PRODUCTS_DIR; };
		EEA1EB9F2A697209B170EA9E /* Pods-Yo.ListOfBestFilms.release.xcconfig */ = {isa = PBXFileReference; includeInIndex = 1; lastKnownFileType = text.xcconfig; name = "Pods-Yo.ListOfBestFilms.release.xcconfig"; path = "Pods/Target Support Files/Pods-Yo.ListOfBestFilms/Pods-Yo.ListOfBestFilms.release.xcconfig"; sourceTree = "<group>"; };
/* End PBXFileReference section */

/* Begin PBXFrameworksBuildPhase section */
		71A0951D2178E29800A5A796 /* Frameworks */ = {
			isa = PBXFrameworksBuildPhase;
			buildActionMask = 2147483647;
			files = (
				007D9C5EA51CD0ABC5E674EF /* Pods_Yo_ListOfBestFilms.framework in Frameworks */,
			);
			runOnlyForDeploymentPostprocessing = 0;
		};
		71A095312178E29A00A5A796 /* Frameworks */ = {
			isa = PBXFrameworksBuildPhase;
			buildActionMask = 2147483647;
			files = (
				EC26502709C949A981209675 /* Pods_Yo_ListOfBestFilmsTests.framework in Frameworks */,
				0844120EF6DE3E2BB817E116 /* Pods_Yo_ListOfBestFilms_Yo_ListOfBestFilmsTests.framework in Frameworks */,
			);
			runOnlyForDeploymentPostprocessing = 0;
		};
/* End PBXFrameworksBuildPhase section */

/* Begin PBXGroup section */
		714188982178E52400A6C900 /* Controllers */ = {
			isa = PBXGroup;
			children = (
				714188992178E56200A6C900 /* ListOfFilmsTableViewController.swift */,
				7141889B2178E58E00A6C900 /* DetailViewController.swift */,
			);
			path = Controllers;
			sourceTree = "<group>";
		};
		7141889D2178E59A00A6C900 /* Views */ = {
			isa = PBXGroup;
			children = (
				71A0952C2178E29A00A5A796 /* LaunchScreen.storyboard */,
				71A095272178E29800A5A796 /* Main.storyboard */,
				7141889E2178E67100A6C900 /* FilmsTableViewCell.swift */,
			);
			path = Views;
			sourceTree = "<group>";
		};
		71A095172178E29800A5A796 = {
			isa = PBXGroup;
			children = (
				71A095222178E29800A5A796 /* Yo.ListOfBestFilms */,
				71A095372178E29A00A5A796 /* Yo.ListOfBestFilmsTests */,
				71A095212178E29800A5A796 /* Products */,
				A5AE08FE27BC34256F1E900F /* Pods */,
				8662F7A08F49A09F82ED1685 /* Frameworks */,
			);
			sourceTree = "<group>";
		};
		71A095212178E29800A5A796 /* Products */ = {
			isa = PBXGroup;
			children = (
				71A095202178E29800A5A796 /* Yo.ListOfBestFilms.app */,
				71A095342178E29A00A5A796 /* Yo.ListOfBestFilmsTests.xctest */,
			);
			name = Products;
			sourceTree = "<group>";
		};
		71A095222178E29800A5A796 /* Yo.ListOfBestFilms */ = {
			isa = PBXGroup;
			children = (
				71F247862179D31000117603 /* Manager */,
				71F247852179D30600117603 /* Model */,
				7141889D2178E59A00A6C900 /* Views */,
				714188982178E52400A6C900 /* Controllers */,
				71A095232178E29800A5A796 /* AppDelegate.swift */,
				71A0952A2178E29A00A5A796 /* Assets.xcassets */,
				71A0952F2178E29A00A5A796 /* Info.plist */,
			);
			path = Yo.ListOfBestFilms;
			sourceTree = "<group>";
		};
		71A095372178E29A00A5A796 /* Yo.ListOfBestFilmsTests */ = {
			isa = PBXGroup;
			children = (
				71A095382178E29A00A5A796 /* Yo_ListOfBestFilmsTests.swift */,
				71A0953A2178E29A00A5A796 /* Info.plist */,
			);
			path = Yo.ListOfBestFilmsTests;
			sourceTree = "<group>";
		};
		71F247852179D30600117603 /* Model */ = {
			isa = PBXGroup;
			children = (
				71F247892179D3F900117603 /* Films.swift */,
			);
			path = Model;
			sourceTree = "<group>";
		};
		71F247862179D31000117603 /* Manager */ = {
			isa = PBXGroup;
			children = (
				71F247872179D33700117603 /* NetworkManager.swift */,
			);
			path = Manager;
			sourceTree = "<group>";
		};
		8662F7A08F49A09F82ED1685 /* Frameworks */ = {
			isa = PBXGroup;
			children = (
				2983DDA1D2717924AB07A70B /* Pods_Yo_ListOfBestFilms.framework */,
				BBA8B51F0DFACE1736FC0286 /* Pods_Yo_ListOfBestFilmsTests.framework */,
				30E5FC1356F706631AD442E7 /* Pods_Yo_ListOfBestFilms_Yo_ListOfBestFilmsTests.framework */,
			);
			name = Frameworks;
			sourceTree = "<group>";
		};
		A5AE08FE27BC34256F1E900F /* Pods */ = {
			isa = PBXGroup;
			children = (
				2D76793803647FF11F884412 /* Pods-Yo.ListOfBestFilms.debug.xcconfig */,
				EEA1EB9F2A697209B170EA9E /* Pods-Yo.ListOfBestFilms.release.xcconfig */,
				6E5BB28D7A5651C9B09F5E2C /* Pods-Yo.ListOfBestFilmsTests.debug.xcconfig */,
				BBA7E016394230E305CD8F7F /* Pods-Yo.ListOfBestFilmsTests.release.xcconfig */,
				A4BFC6EE8E4909EF475E1744 /* Pods-Yo.ListOfBestFilms-Yo.ListOfBestFilmsTests.debug.xcconfig */,
				2B5D2A58A270E45FFA0BB41F /* Pods-Yo.ListOfBestFilms-Yo.ListOfBestFilmsTests.release.xcconfig */,
			);
			name = Pods;
			sourceTree = "<group>";
		};
/* End PBXGroup section */

/* Begin PBXNativeTarget section */
		71A0951F2178E29800A5A796 /* Yo.ListOfBestFilms */ = {
			isa = PBXNativeTarget;
			buildConfigurationList = 71A0953D2178E29A00A5A796 /* Build configuration list for PBXNativeTarget "Yo.ListOfBestFilms" */;
			buildPhases = (
				C96D5E90CFA1D7E32A2012BE /* [CP] Check Pods Manifest.lock */,
				71A0951C2178E29800A5A796 /* Sources */,
				71A0951D2178E29800A5A796 /* Frameworks */,
				71A0951E2178E29800A5A796 /* Resources */,
				10939B6BCC97972C2CA4CD06 /* [CP] Embed Pods Frameworks */,
			);
			buildRules = (
			);
			dependencies = (
			);
			name = Yo.ListOfBestFilms;
			productName = Yo.ListOfBestFilms;
			productReference = 71A095202178E29800A5A796 /* Yo.ListOfBestFilms.app */;
			productType = "com.apple.product-type.application";
		};
		71A095332178E29A00A5A796 /* Yo.ListOfBestFilmsTests */ = {
			isa = PBXNativeTarget;
			buildConfigurationList = 71A095402178E29A00A5A796 /* Build configuration list for PBXNativeTarget "Yo.ListOfBestFilmsTests" */;
			buildPhases = (
				6AB5C38971FFE09A0A840C9E /* [CP] Check Pods Manifest.lock */,
				71A095302178E29A00A5A796 /* Sources */,
				71A095312178E29A00A5A796 /* Frameworks */,
				71A095322178E29A00A5A796 /* Resources */,
			);
			buildRules = (
			);
			dependencies = (
				71A095362178E29A00A5A796 /* PBXTargetDependency */,
			);
			name = Yo.ListOfBestFilmsTests;
			productName = Yo.ListOfBestFilmsTests;
			productReference = 71A095342178E29A00A5A796 /* Yo.ListOfBestFilmsTests.xctest */;
			productType = "com.apple.product-type.bundle.unit-test";
		};
/* End PBXNativeTarget section */

/* Begin PBXProject section */
		71A095182178E29800A5A796 /* Project object */ = {
			isa = PBXProject;
			attributes = {
				LastSwiftUpdateCheck = 1000;
				LastUpgradeCheck = 1000;
				ORGANIZATIONNAME = "Sergei Kononov";
				TargetAttributes = {
					71A0951F2178E29800A5A796 = {
						CreatedOnToolsVersion = 10.0;
					};
					71A095332178E29A00A5A796 = {
						CreatedOnToolsVersion = 10.0;
						TestTargetID = 71A0951F2178E29800A5A796;
					};
				};
			};
			buildConfigurationList = 71A0951B2178E29800A5A796 /* Build configuration list for PBXProject "Yo.ListOfBestFilms" */;
			compatibilityVersion = "Xcode 9.3";
			developmentRegion = en;
			hasScannedForEncodings = 0;
			knownRegions = (
				en,
				Base,
			);
			mainGroup = 71A095172178E29800A5A796;
			productRefGroup = 71A095212178E29800A5A796 /* Products */;
			projectDirPath = "";
			projectRoot = "";
			targets = (
				71A0951F2178E29800A5A796 /* Yo.ListOfBestFilms */,
				71A095332178E29A00A5A796 /* Yo.ListOfBestFilmsTests */,
			);
		};
/* End PBXProject section */

/* Begin PBXResourcesBuildPhase section */
		71A0951E2178E29800A5A796 /* Resources */ = {
			isa = PBXResourcesBuildPhase;
			buildActionMask = 2147483647;
			files = (
				71A0952E2178E29A00A5A796 /* LaunchScreen.storyboard in Resources */,
				71A0952B2178E29A00A5A796 /* Assets.xcassets in Resources */,
				71A095292178E29800A5A796 /* Main.storyboard in Resources */,
			);
			runOnlyForDeploymentPostprocessing = 0;
		};
		71A095322178E29A00A5A796 /* Resources */ = {
			isa = PBXResourcesBuildPhase;
			buildActionMask = 2147483647;
			files = (
			);
			runOnlyForDeploymentPostprocessing = 0;
		};
/* End PBXResourcesBuildPhase section */

/* Begin PBXShellScriptBuildPhase section */
		10939B6BCC97972C2CA4CD06 /* [CP] Embed Pods Frameworks */ = {
			isa = PBXShellScriptBuildPhase;
			buildActionMask = 2147483647;
			files = (
			);
			inputPaths = (
				"${SRCROOT}/Pods/Target Support Files/Pods-Yo.ListOfBestFilms/Pods-Yo.ListOfBestFilms-frameworks.sh",
				"${BUILT_PRODUCTS_DIR}/Alamofire/Alamofire.framework",
				"${BUILT_PRODUCTS_DIR}/SwiftyJSON/SwiftyJSON.framework",
			);
			name = "[CP] Embed Pods Frameworks";
			outputPaths = (
				"${TARGET_BUILD_DIR}/${FRAMEWORKS_FOLDER_PATH}/Alamofire.framework",
				"${TARGET_BUILD_DIR}/${FRAMEWORKS_FOLDER_PATH}/SwiftyJSON.framework",
			);
			runOnlyForDeploymentPostprocessing = 0;
			shellPath = /bin/sh;
			shellScript = "\"${SRCROOT}/Pods/Target Support Files/Pods-Yo.ListOfBestFilms/Pods-Yo.ListOfBestFilms-frameworks.sh\"\n";
			showEnvVarsInLog = 0;
		};
		6AB5C38971FFE09A0A840C9E /* [CP] Check Pods Manifest.lock */ = {
			isa = PBXShellScriptBuildPhase;
			buildActionMask = 2147483647;
			files = (
			);
			inputPaths = (
				"${PODS_PODFILE_DIR_PATH}/Podfile.lock",
				"${PODS_ROOT}/Manifest.lock",
			);
			name = "[CP] Check Pods Manifest.lock";
			outputPaths = (
				"$(DERIVED_FILE_DIR)/Pods-Yo.ListOfBestFilmsTests-checkManifestLockResult.txt",
			);
			runOnlyForDeploymentPostprocessing = 0;
			shellPath = /bin/sh;
			shellScript = "diff \"${PODS_PODFILE_DIR_PATH}/Podfile.lock\" \"${PODS_ROOT}/Manifest.lock\" > /dev/null\nif [ $? != 0 ] ; then\n    # print error to STDERR\n    echo \"error: The sandbox is not in sync with the Podfile.lock. Run 'pod install' or update your CocoaPods installation.\" >&2\n    exit 1\nfi\n# This output is used by Xcode 'outputs' to avoid re-running this script phase.\necho \"SUCCESS\" > \"${SCRIPT_OUTPUT_FILE_0}\"\n";
			showEnvVarsInLog = 0;
		};
		C96D5E90CFA1D7E32A2012BE /* [CP] Check Pods Manifest.lock */ = {
			isa = PBXShellScriptBuildPhase;
			buildActionMask = 2147483647;
			files = (
			);
			inputPaths = (
				"${PODS_PODFILE_DIR_PATH}/Podfile.lock",
				"${PODS_ROOT}/Manifest.lock",
			);
			name = "[CP] Check Pods Manifest.lock";
			outputPaths = (
				"$(DERIVED_FILE_DIR)/Pods-Yo.ListOfBestFilms-checkManifestLockResult.txt",
			);
			runOnlyForDeploymentPostprocessing = 0;
			shellPath = /bin/sh;
			shellScript = "diff \"${PODS_PODFILE_DIR_PATH}/Podfile.lock\" \"${PODS_ROOT}/Manifest.lock\" > /dev/null\nif [ $? != 0 ] ; then\n    # print error to STDERR\n    echo \"error: The sandbox is not in sync with the Podfile.lock. Run 'pod install' or update your CocoaPods installation.\" >&2\n    exit 1\nfi\n# This output is used by Xcode 'outputs' to avoid re-running this script phase.\necho \"SUCCESS\" > \"${SCRIPT_OUTPUT_FILE_0}\"\n";
			showEnvVarsInLog = 0;
		};
/* End PBXShellScriptBuildPhase section */

/* Begin PBXSourcesBuildPhase section */
		71A0951C2178E29800A5A796 /* Sources */ = {
			isa = PBXSourcesBuildPhase;
			buildActionMask = 2147483647;
			files = (
				7141889C2178E58E00A6C900 /* DetailViewController.swift in Sources */,
				71F2478A2179D3F900117603 /* Films.swift in Sources */,
				7141889F2178E67100A6C900 /* FilmsTableViewCell.swift in Sources */,
				71F247882179D33700117603 /* NetworkManager.swift in Sources */,
				7141889A2178E56200A6C900 /* ListOfFilmsTableViewController.swift in Sources */,
				71A095242178E29800A5A796 /* AppDelegate.swift in Sources */,
			);
			runOnlyForDeploymentPostprocessing = 0;
		};
		71A095302178E29A00A5A796 /* Sources */ = {
			isa = PBXSourcesBuildPhase;
			buildActionMask = 2147483647;
			files = (
				71A095392178E29A00A5A796 /* Yo_ListOfBestFilmsTests.swift in Sources */,
			);
			runOnlyForDeploymentPostprocessing = 0;
		};
/* End PBXSourcesBuildPhase section */

/* Begin PBXTargetDependency section */
		71A095362178E29A00A5A796 /* PBXTargetDependency */ = {
			isa = PBXTargetDependency;
			target = 71A0951F2178E29800A5A796 /* Yo.ListOfBestFilms */;
			targetProxy = 71A095352178E29A00A5A796 /* PBXContainerItemProxy */;
		};
/* End PBXTargetDependency section */

/* Begin PBXVariantGroup section */
		71A095272178E29800A5A796 /* Main.storyboard */ = {
			isa = PBXVariantGroup;
			children = (
				71A095282178E29800A5A796 /* Base */,
			);
			name = Main.storyboard;
			sourceTree = "<group>";
		};
		71A0952C2178E29A00A5A796 /* LaunchScreen.storyboard */ = {
			isa = PBXVariantGroup;
			children = (
				71A0952D2178E29A00A5A796 /* Base */,
			);
			name = LaunchScreen.storyboard;
			sourceTree = "<group>";
		};
/* End PBXVariantGroup section */

/* Begin XCBuildConfiguration section */
		71A0953B2178E29A00A5A796 /* Debug */ = {
			isa = XCBuildConfiguration;
			buildSettings = {
				ALWAYS_SEARCH_USER_PATHS = NO;
				CLANG_ANALYZER_NONNULL = YES;
				CLANG_ANALYZER_NUMBER_OBJECT_CONVERSION = YES_AGGRESSIVE;
				CLANG_CXX_LANGUAGE_STANDARD = "gnu++14";
				CLANG_CXX_LIBRARY = "libc++";
				CLANG_ENABLE_MODULES = YES;
				CLANG_ENABLE_OBJC_ARC = YES;
				CLANG_ENABLE_OBJC_WEAK = YES;
				CLANG_WARN_BLOCK_CAPTURE_AUTORELEASING = YES;
				CLANG_WARN_BOOL_CONVERSION = YES;
				CLANG_WARN_COMMA = YES;
				CLANG_WARN_CONSTANT_CONVERSION = YES;
				CLANG_WARN_DEPRECATED_OBJC_IMPLEMENTATIONS = YES;
				CLANG_WARN_DIRECT_OBJC_ISA_USAGE = YES_ERROR;
				CLANG_WARN_DOCUMENTATION_COMMENTS = YES;
				CLANG_WARN_EMPTY_BODY = YES;
				CLANG_WARN_ENUM_CONVERSION = YES;
				CLANG_WARN_INFINITE_RECURSION = YES;
				CLANG_WARN_INT_CONVERSION = YES;
				CLANG_WARN_NON_LITERAL_NULL_CONVERSION = YES;
				CLANG_WARN_OBJC_IMPLICIT_RETAIN_SELF = YES;
				CLANG_WARN_OBJC_LITERAL_CONVERSION = YES;
				CLANG_WARN_OBJC_ROOT_CLASS = YES_ERROR;
				CLANG_WARN_RANGE_LOOP_ANALYSIS = YES;
				CLANG_WARN_STRICT_PROTOTYPES = YES;
				CLANG_WARN_SUSPICIOUS_MOVE = YES;
				CLANG_WARN_UNGUARDED_AVAILABILITY = YES_AGGRESSIVE;
				CLANG_WARN_UNREACHABLE_CODE = YES;
				CLANG_WARN__DUPLICATE_METHOD_MATCH = YES;
				CODE_SIGN_IDENTITY = "iPhone Developer";
				COPY_PHASE_STRIP = NO;
				DEBUG_INFORMATION_FORMAT = dwarf;
				ENABLE_STRICT_OBJC_MSGSEND = YES;
				ENABLE_TESTABILITY = YES;
				GCC_C_LANGUAGE_STANDARD = gnu11;
				GCC_DYNAMIC_NO_PIC = NO;
				GCC_NO_COMMON_BLOCKS = YES;
				GCC_OPTIMIZATION_LEVEL = 0;
				GCC_PREPROCESSOR_DEFINITIONS = (
					"DEBUG=1",
					"$(inherited)",
				);
				GCC_WARN_64_TO_32_BIT_CONVERSION = YES;
				GCC_WARN_ABOUT_RETURN_TYPE = YES_ERROR;
				GCC_WARN_UNDECLARED_SELECTOR = YES;
				GCC_WARN_UNINITIALIZED_AUTOS = YES_AGGRESSIVE;
				GCC_WARN_UNUSED_FUNCTION = YES;
				GCC_WARN_UNUSED_VARIABLE = YES;
				IPHONEOS_DEPLOYMENT_TARGET = 12.0;
				MTL_ENABLE_DEBUG_INFO = INCLUDE_SOURCE;
				MTL_FAST_MATH = YES;
				ONLY_ACTIVE_ARCH = YES;
				SDKROOT = iphoneos;
				SWIFT_ACTIVE_COMPILATION_CONDITIONS = DEBUG;
				SWIFT_OPTIMIZATION_LEVEL = "-Onone";
			};
			name = Debug;
		};
		71A0953C2178E29A00A5A796 /* Release */ = {
			isa = XCBuildConfiguration;
			buildSettings = {
				ALWAYS_SEARCH_USER_PATHS = NO;
				CLANG_ANALYZER_NONNULL = YES;
				CLANG_ANALYZER_NUMBER_OBJECT_CONVERSION = YES_AGGRESSIVE;
				CLANG_CXX_LANGUAGE_STANDARD = "gnu++14";
				CLANG_CXX_LIBRARY = "libc++";
				CLANG_ENABLE_MODULES = YES;
				CLANG_ENABLE_OBJC_ARC = YES;
				CLANG_ENABLE_OBJC_WEAK = YES;
				CLANG_WARN_BLOCK_CAPTURE_AUTORELEASING = YES;
				CLANG_WARN_BOOL_CONVERSION = YES;
				CLANG_WARN_COMMA = YES;
				CLANG_WARN_CONSTANT_CONVERSION = YES;
				CLANG_WARN_DEPRECATED_OBJC_IMPLEMENTATIONS = YES;
				CLANG_WARN_DIRECT_OBJC_ISA_USAGE = YES_ERROR;
				CLANG_WARN_DOCUMENTATION_COMMENTS = YES;
				CLANG_WARN_EMPTY_BODY = YES;
				CLANG_WARN_ENUM_CONVERSION = YES;
				CLANG_WARN_INFINITE_RECURSION = YES;
				CLANG_WARN_INT_CONVERSION = YES;
				CLANG_WARN_NON_LITERAL_NULL_CONVERSION = YES;
				CLANG_WARN_OBJC_IMPLICIT_RETAIN_SELF = YES;
				CLANG_WARN_OBJC_LITERAL_CONVERSION = YES;
				CLANG_WARN_OBJC_ROOT_CLASS = YES_ERROR;
				CLANG_WARN_RANGE_LOOP_ANALYSIS = YES;
				CLANG_WARN_STRICT_PROTOTYPES = YES;
				CLANG_WARN_SUSPICIOUS_MOVE = YES;
				CLANG_WARN_UNGUARDED_AVAILABILITY = YES_AGGRESSIVE;
				CLANG_WARN_UNREACHABLE_CODE = YES;
				CLANG_WARN__DUPLICATE_METHOD_MATCH = YES;
				CODE_SIGN_IDENTITY = "iPhone Developer";
				COPY_PHASE_STRIP = NO;
				DEBUG_INFORMATION_FORMAT = "dwarf-with-dsym";
				ENABLE_NS_ASSERTIONS = NO;
				ENABLE_STRICT_OBJC_MSGSEND = YES;
				GCC_C_LANGUAGE_STANDARD = gnu11;
				GCC_NO_COMMON_BLOCKS = YES;
				GCC_WARN_64_TO_32_BIT_CONVERSION = YES;
				GCC_WARN_ABOUT_RETURN_TYPE = YES_ERROR;
				GCC_WARN_UNDECLARED_SELECTOR = YES;
				GCC_WARN_UNINITIALIZED_AUTOS = YES_AGGRESSIVE;
				GCC_WARN_UNUSED_FUNCTION = YES;
				GCC_WARN_UNUSED_VARIABLE = YES;
				IPHONEOS_DEPLOYMENT_TARGET = 12.0;
				MTL_ENABLE_DEBUG_INFO = NO;
				MTL_FAST_MATH = YES;
				SDKROOT = iphoneos;
				SWIFT_COMPILATION_MODE = wholemodule;
				SWIFT_OPTIMIZATION_LEVEL = "-O";
				VALIDATE_PRODUCT = YES;
			};
			name = Release;
		};
		71A0953E2178E29A00A5A796 /* Debug */ = {
			isa = XCBuildConfiguration;
			baseConfigurationReference = 2D76793803647FF11F884412 /* Pods-Yo.ListOfBestFilms.debug.xcconfig */;
			buildSettings = {
				ASSETCATALOG_COMPILER_APPICON_NAME = AppIcon;
				CODE_SIGN_STYLE = Automatic;
				DEVELOPMENT_TEAM = HAZAV255F2;
				INFOPLIST_FILE = Yo.ListOfBestFilms/Info.plist;
				LD_RUNPATH_SEARCH_PATHS = (
					"$(inherited)",
					"@executable_path/Frameworks",
				);
				PRODUCT_BUNDLE_IDENTIFIER = "kononov.Yo-ListOfBestFilms";
				PRODUCT_NAME = "$(TARGET_NAME)";
				SWIFT_VERSION = 4.2;
				TARGETED_DEVICE_FAMILY = 1;
			};
			name = Debug;
		};
		71A0953F2178E29A00A5A796 /* Release */ = {
			isa = XCBuildConfiguration;
			baseConfigurationReference = EEA1EB9F2A697209B170EA9E /* Pods-Yo.ListOfBestFilms.release.xcconfig */;
			buildSettings = {
				ASSETCATALOG_COMPILER_APPICON_NAME = AppIcon;
				CODE_SIGN_STYLE = Automatic;
				DEVELOPMENT_TEAM = HAZAV255F2;
				INFOPLIST_FILE = Yo.ListOfBestFilms/Info.plist;
				LD_RUNPATH_SEARCH_PATHS = (
					"$(inherited)",
					"@executable_path/Frameworks",
				);
				PRODUCT_BUNDLE_IDENTIFIER = "kononov.Yo-ListOfBestFilms";
				PRODUCT_NAME = "$(TARGET_NAME)";
				SWIFT_VERSION = 4.2;
				TARGETED_DEVICE_FAMILY = 1;
			};
			name = Release;
		};
		71A095412178E29A00A5A796 /* Debug */ = {
			isa = XCBuildConfiguration;
			baseConfigurationReference = 6E5BB28D7A5651C9B09F5E2C /* Pods-Yo.ListOfBestFilmsTests.debug.xcconfig */;
			buildSettings = {
				ALWAYS_EMBED_SWIFT_STANDARD_LIBRARIES = YES;
				BUNDLE_LOADER = "$(TEST_HOST)";
				CODE_SIGN_STYLE = Automatic;
				DEVELOPMENT_TEAM = HAZAV255F2;
				INFOPLIST_FILE = Yo.ListOfBestFilmsTests/Info.plist;
				LD_RUNPATH_SEARCH_PATHS = (
					"$(inherited)",
					"@executable_path/Frameworks",
					"@loader_path/Frameworks",
				);
				PRODUCT_BUNDLE_IDENTIFIER = "kononov.Yo-ListOfBestFilmsTests";
				PRODUCT_NAME = "$(TARGET_NAME)";
				SWIFT_VERSION = 4.2;
				TARGETED_DEVICE_FAMILY = "1,2";
				TEST_HOST = "$(BUILT_PRODUCTS_DIR)/Yo.ListOfBestFilms.app/Yo.ListOfBestFilms";
			};
			name = Debug;
		};
		71A095422178E29A00A5A796 /* Release */ = {
			isa = XCBuildConfiguration;
			baseConfigurationReference = BBA7E016394230E305CD8F7F /* Pods-Yo.ListOfBestFilmsTests.release.xcconfig */;
			buildSettings = {
				ALWAYS_EMBED_SWIFT_STANDARD_LIBRARIES = YES;
				BUNDLE_LOADER = "$(TEST_HOST)";
				CODE_SIGN_STYLE = Automatic;
				DEVELOPMENT_TEAM = HAZAV255F2;
				INFOPLIST_FILE = Yo.ListOfBestFilmsTests/Info.plist;
				LD_RUNPATH_SEARCH_PATHS = (
					"$(inherited)",
					"@executable_path/Frameworks",
					"@loader_path/Frameworks",
				);
				PRODUCT_BUNDLE_IDENTIFIER = "kononov.Yo-ListOfBestFilmsTests";
				PRODUCT_NAME = "$(TARGET_NAME)";
				SWIFT_VERSION = 4.2;
				TARGETED_DEVICE_FAMILY = "1,2";
				TEST_HOST = "$(BUILT_PRODUCTS_DIR)/Yo.ListOfBestFilms.app/Yo.ListOfBestFilms";
			};
			name = Release;
		};
/* End XCBuildConfiguration section */

/* Begin XCConfigurationList section */
		71A0951B2178E29800A5A796 /* Build configuration list for PBXProject "Yo.ListOfBestFilms" */ = {
			isa = XCConfigurationList;
			buildConfigurations = (
				71A0953B2178E29A00A5A796 /* Debug */,
				71A0953C2178E29A00A5A796 /* Release */,
			);
			defaultConfigurationIsVisible = 0;
			defaultConfigurationName = Release;
		};
		71A0953D2178E29A00A5A796 /* Build configuration list for PBXNativeTarget "Yo.ListOfBestFilms" */ = {
			isa = XCConfigurationList;
			buildConfigurations = (
				71A0953E2178E29A00A5A796 /* Debug */,
				71A0953F2178E29A00A5A796 /* Release */,
			);
			defaultConfigurationIsVisible = 0;
			defaultConfigurationName = Release;
		};
		71A095402178E29A00A5A796 /* Build configuration list for PBXNativeTarget "Yo.ListOfBestFilmsTests" */ = {
			isa = XCConfigurationList;
			buildConfigurations = (
				71A095412178E29A00A5A796 /* Debug */,
				71A095422178E29A00A5A796 /* Release */,
			);
			defaultConfigurationIsVisible = 0;
			defaultConfigurationName = Release;
		};
/* End XCConfigurationList section */
	};
	rootObject = 71A095182178E29800A5A796 /* Project object */;
}
